
Microsoft Visual Studio Solution File, Format Version 12.00
# Visual Studio 2013
VisualStudioVersion = 12.0.31101.0
MinimumVisualStudioVersion = 10.0.40219.1
Project("{FAE04EC0-301F-11D3-BF4B-00C04F79EFBC}") = "SourceDemo", "SourceDemo\SourceDemo.csproj", "{BD5D4CEA-88C1-40E5-820A-1075FAF70573}"
EndProject
Project("{FAE04EC0-301F-11D3-BF4B-00C04F79EFBC}") = "Source", "Source\Source.csproj", "{42AD7C26-E84D-417F-8B17-3C5D888A2781}"
EndProject
Global
	GlobalSection(SolutionConfigurationPlatforms) = preSolution
		Debug|Any CPU = Debug|Any CPU
		Release|Any CPU = Release|Any CPU
	EndGlobalSection
	GlobalSection(ProjectConfigurationPlatforms) = postSolution
		{BD5D4CEA-88C1-40E5-820A-1075FAF70573}.Debug|Any CPU.ActiveCfg = Debug|Any CPU
		{BD5D4CEA-88C1-40E5-820A-1075FAF70573}.Debug|Any CPU.Build.0 = Debug|Any CPU
		{BD5D4CEA-88C1-40E5-820A-1075FAF70573}.Release|Any CPU.ActiveCfg = Release|Any CPU
		{BD5D4CEA-88C1-40E5-820A-1075FAF70573}.Release|Any CPU.Build.0 = Release|Any CPU
		{42AD7C26-E84D-417F-8B17-3C5D888A2781}.Debug|Any CPU.ActiveCfg = Debug|Any CPU
		{42AD7C26-E84D-417F-8B17-3C5D888A2781}.Debug|Any CPU.Build.0 = Debug|Any CPU
		{42AD7C26-E84D-417F-8B17-3C5D888A2781}.Release|Any CPU.ActiveCfg = Release|Any CPU
		{42AD7C26-E84D-417F-8B17-3C5D888A2781}.Release|Any CPU.Build.0 = Release|Any CPU
	EndGlobalSection
	GlobalSection(SolutionProperties) = preSolution
		HideSolutionNode = FALSE
	EndGlobalSection
EndGlobal
